
Microsoft Visual Studio Solution File, Format Version 12.00
# Visual Studio 14
VisualStudioVersion = 14.0.23107.0
MinimumVisualStudioVersion = 10.0.40219.1
Project("{FAE04EC0-301F-11D3-BF4B-00C04F79EFBC}") = "SIvPaVS_App", "SIvPaVS_App\SIvPaVS_App.csproj", "{136CF186-8FDE-42A2-9E09-8837B5A3FBBA}"
EndProject
Project("{FAE04EC0-301F-11D3-BF4B-00C04F79EFBC}") = "SIvPaVS_Podatelna", "SIvPaVS_Podatelna\SIvPaVS_Podatelna.csproj", "{3B41203C-165C-44C0-ADDD-8558BF92FD31}"
EndProject
Global
	GlobalSection(SolutionConfigurationPlatforms) = preSolution
		Debug|Any CPU = Debug|Any CPU
		Release|Any CPU = Release|Any CPU
	EndGlobalSection
	GlobalSection(ProjectConfigurationPlatforms) = postSolution
		{136CF186-8FDE-42A2-9E09-8837B5A3FBBA}.Debug|Any CPU.ActiveCfg = Debug|Any CPU
		{136CF186-8FDE-42A2-9E09-8837B5A3FBBA}.Debug|Any CPU.Build.0 = Debug|Any CPU
		{136CF186-8FDE-42A2-9E09-8837B5A3FBBA}.Release|Any CPU.ActiveCfg = Release|Any CPU
		{136CF186-8FDE-42A2-9E09-8837B5A3FBBA}.Release|Any CPU.Build.0 = Release|Any CPU
		{3B41203C-165C-44C0-ADDD-8558BF92FD31}.Debug|Any CPU.ActiveCfg = Debug|Any CPU
		{3B41203C-165C-44C0-ADDD-8558BF92FD31}.Debug|Any CPU.Build.0 = Debug|Any CPU
		{3B41203C-165C-44C0-ADDD-8558BF92FD31}.Release|Any CPU.ActiveCfg = Release|Any CPU
		{3B41203C-165C-44C0-ADDD-8558BF92FD31}.Release|Any CPU.Build.0 = Release|Any CPU
	EndGlobalSection
	GlobalSection(SolutionProperties) = preSolution
		HideSolutionNode = FALSE
	EndGlobalSection
EndGlobal
